
Microsoft Visual Studio Solution File, Format Version 12.00
# Visual Studio 15
VisualStudioVersion = 15.0.27703.2042
MinimumVisualStudioVersion = 10.0.40219.1
Project("{FAE04EC0-301F-11D3-BF4B-00C04F79EFBC}") = "02.RegisterScan", "RegisterScan\02.RegisterScan.csproj", "{0622516E-401C-472A-BDD9-563C6B57A1C0}"
EndProject
Project("{FAE04EC0-301F-11D3-BF4B-00C04F79EFBC}") = "01.RegisterRead", "RegisterRead\01.RegisterRead.csproj", "{28304E8E-6A6B-45A2-993B-FD6EA53D8905}"
EndProject
Project("{FAE04EC0-301F-11D3-BF4B-00C04F79EFBC}") = "03.RegisterReadAndWrite", "RegisterReadAndWrite\03.RegisterReadAndWrite.csproj", "{0377342F-3245-4C6B-811A-FA1B5AB0B524}"
EndProject
Project("{FAE04EC0-301F-11D3-BF4B-00C04F79EFBC}") = "04.TransmitBasic", "TransmitBasic\04.TransmitBasic.csproj", "{84EE4DE5-6894-4796-A314-4306EBDBBD0E}"
EndProject
Project("{FAE04EC0-301F-11D3-BF4B-00C04F79EFBC}") = "05.ReceiveBasic", "ReceiveBasic\05.ReceiveBasic.csproj", "{999DCC71-87C0-46BF-B783-F1B840F7FEB8}"
EndProject
Project("{FAE04EC0-301F-11D3-BF4B-00C04F79EFBC}") = "06.ReceiveInterrupt", "ReceiveInterrupt\06.ReceiveInterrupt.csproj", "{197C6AC6-064E-47B1-BC53-103CBD73F9E3}"
EndProject
Project("{FAE04EC0-301F-11D3-BF4B-00C04F79EFBC}") = "07.TransmitInterrupt", "TransmitInterrupt\07.TransmitInterrupt.csproj", "{F7C88AC3-26FD-4E4A-A8C3-5E41FEBCE5EA}"
EndProject
Project("{FAE04EC0-301F-11D3-BF4B-00C04F79EFBC}") = "08.ReceiveTransmitInterrupt", "ReceiveTransmitInterrupt\08.ReceiveTransmitInterrupt.csproj", "{7618EE4E-D251-4B76-AFC3-82F4D7CBC019}"
EndProject
Project("{FAE04EC0-301F-11D3-BF4B-00C04F79EFBC}") = "09.RefactorRegisterManager", "RefactorRegisterManager\09.RefactorRegisterManager.csproj", "{A8A7F6D5-63D6-4AE4-A2D6-EEEC0001357C}"
EndProject
Project("{2150E333-8FDC-42A3-9474-1A3956D46DE8}") = "Elecrow", "Elecrow", "{1B82869D-06D9-4805-ACEB-AD282CF49D26}"
EndProject
Project("{FAE04EC0-301F-11D3-BF4B-00C04F79EFBC}") = "ElecrowSPI", "ElecrowSPI\ElecrowSPI.csproj", "{3039AA30-3F6C-4E29-8C2B-8CB88A493C2F}"
EndProject
Project("{2150E333-8FDC-42A3-9474-1A3956D46DE8}") = "ElectronicTricks", "ElectronicTricks", "{55E59DD4-FD36-4797-AE7E-F5E5151583BF}"
EndProject
Project("{FAE04EC0-301F-11D3-BF4B-00C04F79EFBC}") = "ElectronicTricksSPI", "ElectronicTricksSPI\ElectronicTricksSPI.csproj", "{AEE0252F-EE76-428D-A729-89A83F5550CD}"
EndProject
Project("{FAE04EC0-301F-11D3-BF4B-00C04F79EFBC}") = "ElecrowLed", "ElecrowLed\ElecrowLed.csproj", "{8059A397-A9BD-434D-9171-B8C4826E7BFD}"
EndProject
Project("{FAE04EC0-301F-11D3-BF4B-00C04F79EFBC}") = "00.ShieldSPI", "ShieldSPI\00.ShieldSPI.csproj", "{029B616D-7F0E-447D-8029-D989EB729FA3}"
EndProject
Project("{2150E333-8FDC-42A3-9474-1A3956D46DE8}") = "Dragino", "Dragino", "{E242E7FC-416C-4D66-9E49-7CBA9F6A8CA7}"
EndProject
Project("{2150E333-8FDC-42A3-9474-1A3956D46DE8}") = "M2M", "M2M", "{05FDEF7D-827E-4AB9-BA92-3F11182838CB}"
EndProject
Project("{2150E333-8FDC-42A3-9474-1A3956D46DE8}") = "uputronics", "uputronics", "{E9DA08D1-987D-4161-9955-BCAAE01EA5B4}"
EndProject
Project("{FAE04EC0-301F-11D3-BF4B-00C04F79EFBC}") = "Rfm9XLoRaDevice", "Rfm9XLoRaDevice\Rfm9XLoRaDevice.csproj", "{7C875578-673E-4896-8B01-8CD9F6DF0C7D}"
EndProject
Project("{FAE04EC0-301F-11D3-BF4B-00C04F79EFBC}") = "10.EnumAndMasks", "EnumAndMasks\10.EnumAndMasks.csproj", "{CBA4E750-EB91-458D-B251-8F13A8A36D2F}"
EndProject
Project("{FAE04EC0-301F-11D3-BF4B-00C04F79EFBC}") = "11.ReceiveTransmitEvents", "ReceiveTransmitEvents\11.ReceiveTransmitEvents.csproj", "{AA9EC262-9612-43B0-AC8C-93F32F0484E9}"
EndProject
Project("{FAE04EC0-301F-11D3-BF4B-00C04F79EFBC}") = "M2MSPI", "M2MSPI\M2MSPI.csproj", "{AFB78054-E278-4D3F-951E-B6E7F189AE58}"
EndProject
Project("{FAE04EC0-301F-11D3-BF4B-00C04F79EFBC}") = "DraginoSPI", "DraginoSPI\DraginoSPI.csproj", "{55379553-3EF6-471B-BA37-2D069641BA81}"
EndProject
Project("{FAE04EC0-301F-11D3-BF4B-00C04F79EFBC}") = "Rfm9xLoRaDeviceClient", "Rfm9xLoRaDeviceClient\Rfm9xLoRaDeviceClient.csproj", "{70FDE518-1025-4D6D-AA20-13506EA13036}"
EndProject
Project("{FAE04EC0-301F-11D3-BF4B-00C04F79EFBC}") = "12.ReceiveFifo", "ReceiveFifo\12.ReceiveFifo.csproj", "{595A1ED3-3329-494F-8BD2-ECE3E8D22D85}"
EndProject
Project("{FAE04EC0-301F-11D3-BF4B-00C04F79EFBC}") = "UputronicsSPI", "UputronicsSPI\UputronicsSPI.csproj", "{87B925E0-2CC3-4A90-A8C6-6C9A21192D4E}"
EndProject
Global
	GlobalSection(SolutionConfigurationPlatforms) = preSolution
		Debug|Any CPU = Debug|Any CPU
		Debug|ARM = Debug|ARM
		Debug|x64 = Debug|x64
		Debug|x86 = Debug|x86
		Release|Any CPU = Release|Any CPU
		Release|ARM = Release|ARM
		Release|x64 = Release|x64
		Release|x86 = Release|x86
	EndGlobalSection
	GlobalSection(ProjectConfigurationPlatforms) = postSolution
		{0622516E-401C-472A-BDD9-563C6B57A1C0}.Debug|Any CPU.ActiveCfg = Debug|x86
		{0622516E-401C-472A-BDD9-563C6B57A1C0}.Debug|ARM.ActiveCfg = Debug|ARM
		{0622516E-401C-472A-BDD9-563C6B57A1C0}.Debug|ARM.Build.0 = Debug|ARM
		{0622516E-401C-472A-BDD9-563C6B57A1C0}.Debug|ARM.Deploy.0 = Debug|ARM
		{0622516E-401C-472A-BDD9-563C6B57A1C0}.Debug|x64.ActiveCfg = Debug|x64
		{0622516E-401C-472A-BDD9-563C6B57A1C0}.Debug|x64.Build.0 = Debug|x64
		{0622516E-401C-472A-BDD9-563C6B57A1C0}.Debug|x64.Deploy.0 = Debug|x64
		{0622516E-401C-472A-BDD9-563C6B57A1C0}.Debug|x86.ActiveCfg = Debug|x86
		{0622516E-401C-472A-BDD9-563C6B57A1C0}.Debug|x86.Build.0 = Debug|x86
		{0622516E-401C-472A-BDD9-563C6B57A1C0}.Debug|x86.Deploy.0 = Debug|x86
		{0622516E-401C-472A-BDD9-563C6B57A1C0}.Release|Any CPU.ActiveCfg = Release|x86
		{0622516E-401C-472A-BDD9-563C6B57A1C0}.Release|ARM.ActiveCfg = Release|ARM
		{0622516E-401C-472A-BDD9-563C6B57A1C0}.Release|ARM.Build.0 = Release|ARM
		{0622516E-401C-472A-BDD9-563C6B57A1C0}.Release|ARM.Deploy.0 = Release|ARM
		{0622516E-401C-472A-BDD9-563C6B57A1C0}.Release|x64.ActiveCfg = Release|x64
		{0622516E-401C-472A-BDD9-563C6B57A1C0}.Release|x64.Build.0 = Release|x64
		{0622516E-401C-472A-BDD9-563C6B57A1C0}.Release|x64.Deploy.0 = Release|x64
		{0622516E-401C-472A-BDD9-563C6B57A1C0}.Release|x86.ActiveCfg = Release|x86
		{0622516E-401C-472A-BDD9-563C6B57A1C0}.Release|x86.Build.0 = Release|x86
		{0622516E-401C-472A-BDD9-563C6B57A1C0}.Release|x86.Deploy.0 = Release|x86
		{28304E8E-6A6B-45A2-993B-FD6EA53D8905}.Debug|Any CPU.ActiveCfg = Debug|x86
		{28304E8E-6A6B-45A2-993B-FD6EA53D8905}.Debug|ARM.ActiveCfg = Debug|ARM
		{28304E8E-6A6B-45A2-993B-FD6EA53D8905}.Debug|ARM.Build.0 = Debug|ARM
		{28304E8E-6A6B-45A2-993B-FD6EA53D8905}.Debug|ARM.Deploy.0 = Debug|ARM
		{28304E8E-6A6B-45A2-993B-FD6EA53D8905}.Debug|x64.ActiveCfg = Debug|x64
		{28304E8E-6A6B-45A2-993B-FD6EA53D8905}.Debug|x64.Build.0 = Debug|x64
		{28304E8E-6A6B-45A2-993B-FD6EA53D8905}.Debug|x64.Deploy.0 = Debug|x64
		{28304E8E-6A6B-45A2-993B-FD6EA53D8905}.Debug|x86.ActiveCfg = Debug|x86
		{28304E8E-6A6B-45A2-993B-FD6EA53D8905}.Debug|x86.Build.0 = Debug|x86
		{28304E8E-6A6B-45A2-993B-FD6EA53D8905}.Debug|x86.Deploy.0 = Debug|x86
		{28304E8E-6A6B-45A2-993B-FD6EA53D8905}.Release|Any CPU.ActiveCfg = Release|x86
		{28304E8E-6A6B-45A2-993B-FD6EA53D8905}.Release|ARM.ActiveCfg = Release|ARM
		{28304E8E-6A6B-45A2-993B-FD6EA53D8905}.Release|ARM.Build.0 = Release|ARM
		{28304E8E-6A6B-45A2-993B-FD6EA53D8905}.Release|ARM.Deploy.0 = Release|ARM
		{28304E8E-6A6B-45A2-993B-FD6EA53D8905}.Release|x64.ActiveCfg = Release|x64
		{28304E8E-6A6B-45A2-993B-FD6EA53D8905}.Release|x64.Build.0 = Release|x64
		{28304E8E-6A6B-45A2-993B-FD6EA53D8905}.Release|x64.Deploy.0 = Release|x64
		{28304E8E-6A6B-45A2-993B-FD6EA53D8905}.Release|x86.ActiveCfg = Release|x86
		{28304E8E-6A6B-45A2-993B-FD6EA53D8905}.Release|x86.Build.0 = Release|x86
		{28304E8E-6A6B-45A2-993B-FD6EA53D8905}.Release|x86.Deploy.0 = Release|x86
		{0377342F-3245-4C6B-811A-FA1B5AB0B524}.Debug|Any CPU.ActiveCfg = Debug|x86
		{0377342F-3245-4C6B-811A-FA1B5AB0B524}.Debug|ARM.ActiveCfg = Debug|ARM
		{0377342F-3245-4C6B-811A-FA1B5AB0B524}.Debug|ARM.Build.0 = Debug|ARM
		{0377342F-3245-4C6B-811A-FA1B5AB0B524}.Debug|ARM.Deploy.0 = Debug|ARM
		{0377342F-3245-4C6B-811A-FA1B5AB0B524}.Debug|x64.ActiveCfg = Debug|x64
		{0377342F-3245-4C6B-811A-FA1B5AB0B524}.Debug|x64.Build.0 = Debug|x64
		{0377342F-3245-4C6B-811A-FA1B5AB0B524}.Debug|x64.Deploy.0 = Debug|x64
		{0377342F-3245-4C6B-811A-FA1B5AB0B524}.Debug|x86.ActiveCfg = Debug|x86
		{0377342F-3245-4C6B-811A-FA1B5AB0B524}.Debug|x86.Build.0 = Debug|x86
		{0377342F-3245-4C6B-811A-FA1B5AB0B524}.Debug|x86.Deploy.0 = Debug|x86
		{0377342F-3245-4C6B-811A-FA1B5AB0B524}.Release|Any CPU.ActiveCfg = Release|x86
		{0377342F-3245-4C6B-811A-FA1B5AB0B524}.Release|ARM.ActiveCfg = Release|ARM
		{0377342F-3245-4C6B-811A-FA1B5AB0B524}.Release|ARM.Build.0 = Release|ARM
		{0377342F-3245-4C6B-811A-FA1B5AB0B524}.Release|ARM.Deploy.0 = Release|ARM
		{0377342F-3245-4C6B-811A-FA1B5AB0B524}.Release|x64.ActiveCfg = Release|x64
		{0377342F-3245-4C6B-811A-FA1B5AB0B524}.Release|x64.Build.0 = Release|x64
		{0377342F-3245-4C6B-811A-FA1B5AB0B524}.Release|x64.Deploy.0 = Release|x64
		{0377342F-3245-4C6B-811A-FA1B5AB0B524}.Release|x86.ActiveCfg = Release|x86
		{0377342F-3245-4C6B-811A-FA1B5AB0B524}.Release|x86.Build.0 = Release|x86
		{0377342F-3245-4C6B-811A-FA1B5AB0B524}.Release|x86.Deploy.0 = Release|x86
		{84EE4DE5-6894-4796-A314-4306EBDBBD0E}.Debug|Any CPU.ActiveCfg = Debug|x86
		{84EE4DE5-6894-4796-A314-4306EBDBBD0E}.Debug|ARM.ActiveCfg = Debug|ARM
		{84EE4DE5-6894-4796-A314-4306EBDBBD0E}.Debug|ARM.Build.0 = Debug|ARM
		{84EE4DE5-6894-4796-A314-4306EBDBBD0E}.Debug|ARM.Deploy.0 = Debug|ARM
		{84EE4DE5-6894-4796-A314-4306EBDBBD0E}.Debug|x64.ActiveCfg = Debug|x64
		{84EE4DE5-6894-4796-A314-4306EBDBBD0E}.Debug|x64.Build.0 = Debug|x64
		{84EE4DE5-6894-4796-A314-4306EBDBBD0E}.Debug|x64.Deploy.0 = Debug|x64
		{84EE4DE5-6894-4796-A314-4306EBDBBD0E}.Debug|x86.ActiveCfg = Debug|x86
		{84EE4DE5-6894-4796-A314-4306EBDBBD0E}.Debug|x86.Build.0 = Debug|x86
		{84EE4DE5-6894-4796-A314-4306EBDBBD0E}.Debug|x86.Deploy.0 = Debug|x86
		{84EE4DE5-6894-4796-A314-4306EBDBBD0E}.Release|Any CPU.ActiveCfg = Release|x86
		{84EE4DE5-6894-4796-A314-4306EBDBBD0E}.Release|ARM.ActiveCfg = Release|ARM
		{84EE4DE5-6894-4796-A314-4306EBDBBD0E}.Release|ARM.Build.0 = Release|ARM
		{84EE4DE5-6894-4796-A314-4306EBDBBD0E}.Release|ARM.Deploy.0 = Release|ARM
		{84EE4DE5-6894-4796-A314-4306EBDBBD0E}.Release|x64.ActiveCfg = Release|x64
		{84EE4DE5-6894-4796-A314-4306EBDBBD0E}.Release|x64.Build.0 = Release|x64
		{84EE4DE5-6894-4796-A314-4306EBDBBD0E}.Release|x64.Deploy.0 = Release|x64
		{84EE4DE5-6894-4796-A314-4306EBDBBD0E}.Release|x86.ActiveCfg = Release|x86
		{84EE4DE5-6894-4796-A314-4306EBDBBD0E}.Release|x86.Build.0 = Release|x86
		{84EE4DE5-6894-4796-A314-4306EBDBBD0E}.Release|x86.Deploy.0 = Release|x86
		{999DCC71-87C0-46BF-B783-F1B840F7FEB8}.Debug|Any CPU.ActiveCfg = Debug|x86
		{999DCC71-87C0-46BF-B783-F1B840F7FEB8}.Debug|ARM.ActiveCfg = Debug|ARM
		{999DCC71-87C0-46BF-B783-F1B840F7FEB8}.Debug|ARM.Build.0 = Debug|ARM
		{999DCC71-87C0-46BF-B783-F1B840F7FEB8}.Debug|ARM.Deploy.0 = Debug|ARM
		{999DCC71-87C0-46BF-B783-F1B840F7FEB8}.Debug|x64.ActiveCfg = Debug|x64
		{999DCC71-87C0-46BF-B783-F1B840F7FEB8}.Debug|x64.Build.0 = Debug|x64
		{999DCC71-87C0-46BF-B783-F1B840F7FEB8}.Debug|x64.Deploy.0 = Debug|x64
		{999DCC71-87C0-46BF-B783-F1B840F7FEB8}.Debug|x86.ActiveCfg = Debug|x86
		{999DCC71-87C0-46BF-B783-F1B840F7FEB8}.Debug|x86.Build.0 = Debug|x86
		{999DCC71-87C0-46BF-B783-F1B840F7FEB8}.Debug|x86.Deploy.0 = Debug|x86
		{999DCC71-87C0-46BF-B783-F1B840F7FEB8}.Release|Any CPU.ActiveCfg = Release|x86
		{999DCC71-87C0-46BF-B783-F1B840F7FEB8}.Release|ARM.ActiveCfg = Release|ARM
		{999DCC71-87C0-46BF-B783-F1B840F7FEB8}.Release|ARM.Build.0 = Release|ARM
		{999DCC71-87C0-46BF-B783-F1B840F7FEB8}.Release|ARM.Deploy.0 = Release|ARM
		{999DCC71-87C0-46BF-B783-F1B840F7FEB8}.Release|x64.ActiveCfg = Release|x64
		{999DCC71-87C0-46BF-B783-F1B840F7FEB8}.Release|x64.Build.0 = Release|x64
		{999DCC71-87C0-46BF-B783-F1B840F7FEB8}.Release|x64.Deploy.0 = Release|x64
		{999DCC71-87C0-46BF-B783-F1B840F7FEB8}.Release|x86.ActiveCfg = Release|x86
		{999DCC71-87C0-46BF-B783-F1B840F7FEB8}.Release|x86.Build.0 = Release|x86
		{999DCC71-87C0-46BF-B783-F1B840F7FEB8}.Release|x86.Deploy.0 = Release|x86
		{197C6AC6-064E-47B1-BC53-103CBD73F9E3}.Debug|Any CPU.ActiveCfg = Debug|x86
		{197C6AC6-064E-47B1-BC53-103CBD73F9E3}.Debug|ARM.ActiveCfg = Debug|ARM
		{197C6AC6-064E-47B1-BC53-103CBD73F9E3}.Debug|ARM.Build.0 = Debug|ARM
		{197C6AC6-064E-47B1-BC53-103CBD73F9E3}.Debug|ARM.Deploy.0 = Debug|ARM
		{197C6AC6-064E-47B1-BC53-103CBD73F9E3}.Debug|x64.ActiveCfg = Debug|x64
		{197C6AC6-064E-47B1-BC53-103CBD73F9E3}.Debug|x64.Build.0 = Debug|x64
		{197C6AC6-064E-47B1-BC53-103CBD73F9E3}.Debug|x64.Deploy.0 = Debug|x64
		{197C6AC6-064E-47B1-BC53-103CBD73F9E3}.Debug|x86.ActiveCfg = Debug|x86
		{197C6AC6-064E-47B1-BC53-103CBD73F9E3}.Debug|x86.Build.0 = Debug|x86
		{197C6AC6-064E-47B1-BC53-103CBD73F9E3}.Debug|x86.Deploy.0 = Debug|x86
		{197C6AC6-064E-47B1-BC53-103CBD73F9E3}.Release|Any CPU.ActiveCfg = Release|x86
		{197C6AC6-064E-47B1-BC53-103CBD73F9E3}.Release|ARM.ActiveCfg = Release|ARM
		{197C6AC6-064E-47B1-BC53-103CBD73F9E3}.Release|ARM.Build.0 = Release|ARM
		{197C6AC6-064E-47B1-BC53-103CBD73F9E3}.Release|ARM.Deploy.0 = Release|ARM
		{197C6AC6-064E-47B1-BC53-103CBD73F9E3}.Release|x64.ActiveCfg = Release|x64
		{197C6AC6-064E-47B1-BC53-103CBD73F9E3}.Release|x64.Build.0 = Release|x64
		{197C6AC6-064E-47B1-BC53-103CBD73F9E3}.Release|x64.Deploy.0 = Release|x64
		{197C6AC6-064E-47B1-BC53-103CBD73F9E3}.Release|x86.ActiveCfg = Release|x86
		{197C6AC6-064E-47B1-BC53-103CBD73F9E3}.Release|x86.Build.0 = Release|x86
		{197C6AC6-064E-47B1-BC53-103CBD73F9E3}.Release|x86.Deploy.0 = Release|x86
		{F7C88AC3-26FD-4E4A-A8C3-5E41FEBCE5EA}.Debug|Any CPU.ActiveCfg = Debug|x86
		{F7C88AC3-26FD-4E4A-A8C3-5E41FEBCE5EA}.Debug|ARM.ActiveCfg = Debug|ARM
		{F7C88AC3-26FD-4E4A-A8C3-5E41FEBCE5EA}.Debug|ARM.Build.0 = Debug|ARM
		{F7C88AC3-26FD-4E4A-A8C3-5E41FEBCE5EA}.Debug|ARM.Deploy.0 = Debug|ARM
		{F7C88AC3-26FD-4E4A-A8C3-5E41FEBCE5EA}.Debug|x64.ActiveCfg = Debug|x64
		{F7C88AC3-26FD-4E4A-A8C3-5E41FEBCE5EA}.Debug|x64.Build.0 = Debug|x64
		{F7C88AC3-26FD-4E4A-A8C3-5E41FEBCE5EA}.Debug|x64.Deploy.0 = Debug|x64
		{F7C88AC3-26FD-4E4A-A8C3-5E41FEBCE5EA}.Debug|x86.ActiveCfg = Debug|x86
		{F7C88AC3-26FD-4E4A-A8C3-5E41FEBCE5EA}.Debug|x86.Build.0 = Debug|x86
		{F7C88AC3-26FD-4E4A-A8C3-5E41FEBCE5EA}.Debug|x86.Deploy.0 = Debug|x86
		{F7C88AC3-26FD-4E4A-A8C3-5E41FEBCE5EA}.Release|Any CPU.ActiveCfg = Release|x86
		{F7C88AC3-26FD-4E4A-A8C3-5E41FEBCE5EA}.Release|ARM.ActiveCfg = Release|ARM
		{F7C88AC3-26FD-4E4A-A8C3-5E41FEBCE5EA}.Release|ARM.Build.0 = Release|ARM
		{F7C88AC3-26FD-4E4A-A8C3-5E41FEBCE5EA}.Release|ARM.Deploy.0 = Release|ARM
		{F7C88AC3-26FD-4E4A-A8C3-5E41FEBCE5EA}.Release|x64.ActiveCfg = Release|x64
		{F7C88AC3-26FD-4E4A-A8C3-5E41FEBCE5EA}.Release|x64.Build.0 = Release|x64
		{F7C88AC3-26FD-4E4A-A8C3-5E41FEBCE5EA}.Release|x64.Deploy.0 = Release|x64
		{F7C88AC3-26FD-4E4A-A8C3-5E41FEBCE5EA}.Release|x86.ActiveCfg = Release|x86
		{F7C88AC3-26FD-4E4A-A8C3-5E41FEBCE5EA}.Release|x86.Build.0 = Release|x86
		{F7C88AC3-26FD-4E4A-A8C3-5E41FEBCE5EA}.Release|x86.Deploy.0 = Release|x86
		{7618EE4E-D251-4B76-AFC3-82F4D7CBC019}.Debug|Any CPU.ActiveCfg = Debug|x86
		{7618EE4E-D251-4B76-AFC3-82F4D7CBC019}.Debug|ARM.ActiveCfg = Debug|ARM
		{7618EE4E-D251-4B76-AFC3-82F4D7CBC019}.Debug|ARM.Build.0 = Debug|ARM
		{7618EE4E-D251-4B76-AFC3-82F4D7CBC019}.Debug|ARM.Deploy.0 = Debug|ARM
		{7618EE4E-D251-4B76-AFC3-82F4D7CBC019}.Debug|x64.ActiveCfg = Debug|x64
		{7618EE4E-D251-4B76-AFC3-82F4D7CBC019}.Debug|x64.Build.0 = Debug|x64
		{7618EE4E-D251-4B76-AFC3-82F4D7CBC019}.Debug|x64.Deploy.0 = Debug|x64
		{7618EE4E-D251-4B76-AFC3-82F4D7CBC019}.Debug|x86.ActiveCfg = Debug|x86
		{7618EE4E-D251-4B76-AFC3-82F4D7CBC019}.Debug|x86.Build.0 = Debug|x86
		{7618EE4E-D251-4B76-AFC3-82F4D7CBC019}.Debug|x86.Deploy.0 = Debug|x86
		{7618EE4E-D251-4B76-AFC3-82F4D7CBC019}.Release|Any CPU.ActiveCfg = Release|x86
		{7618EE4E-D251-4B76-AFC3-82F4D7CBC019}.Release|ARM.ActiveCfg = Release|ARM
		{7618EE4E-D251-4B76-AFC3-82F4D7CBC019}.Release|ARM.Build.0 = Release|ARM
		{7618EE4E-D251-4B76-AFC3-82F4D7CBC019}.Release|ARM.Deploy.0 = Release|ARM
		{7618EE4E-D251-4B76-AFC3-82F4D7CBC019}.Release|x64.ActiveCfg = Release|x64
		{7618EE4E-D251-4B76-AFC3-82F4D7CBC019}.Release|x64.Build.0 = Release|x64
		{7618EE4E-D251-4B76-AFC3-82F4D7CBC019}.Release|x64.Deploy.0 = Release|x64
		{7618EE4E-D251-4B76-AFC3-82F4D7CBC019}.Release|x86.ActiveCfg = Release|x86
		{7618EE4E-D251-4B76-AFC3-82F4D7CBC019}.Release|x86.Build.0 = Release|x86
		{7618EE4E-D251-4B76-AFC3-82F4D7CBC019}.Release|x86.Deploy.0 = Release|x86
		{A8A7F6D5-63D6-4AE4-A2D6-EEEC0001357C}.Debug|Any CPU.ActiveCfg = Debug|x86
		{A8A7F6D5-63D6-4AE4-A2D6-EEEC0001357C}.Debug|ARM.ActiveCfg = Debug|ARM
		{A8A7F6D5-63D6-4AE4-A2D6-EEEC0001357C}.Debug|ARM.Build.0 = Debug|ARM
		{A8A7F6D5-63D6-4AE4-A2D6-EEEC0001357C}.Debug|ARM.Deploy.0 = Debug|ARM
		{A8A7F6D5-63D6-4AE4-A2D6-EEEC0001357C}.Debug|x64.ActiveCfg = Debug|x64
		{A8A7F6D5-63D6-4AE4-A2D6-EEEC0001357C}.Debug|x64.Build.0 = Debug|x64
		{A8A7F6D5-63D6-4AE4-A2D6-EEEC0001357C}.Debug|x64.Deploy.0 = Debug|x64
		{A8A7F6D5-63D6-4AE4-A2D6-EEEC0001357C}.Debug|x86.ActiveCfg = Debug|x86
		{A8A7F6D5-63D6-4AE4-A2D6-EEEC0001357C}.Debug|x86.Build.0 = Debug|x86
		{A8A7F6D5-63D6-4AE4-A2D6-EEEC0001357C}.Debug|x86.Deploy.0 = Debug|x86
		{A8A7F6D5-63D6-4AE4-A2D6-EEEC0001357C}.Release|Any CPU.ActiveCfg = Release|x86
		{A8A7F6D5-63D6-4AE4-A2D6-EEEC0001357C}.Release|ARM.ActiveCfg = Release|ARM
		{A8A7F6D5-63D6-4AE4-A2D6-EEEC0001357C}.Release|ARM.Build.0 = Release|ARM
		{A8A7F6D5-63D6-4AE4-A2D6-EEEC0001357C}.Release|ARM.Deploy.0 = Release|ARM
		{A8A7F6D5-63D6-4AE4-A2D6-EEEC0001357C}.Release|x64.ActiveCfg = Release|x64
		{A8A7F6D5-63D6-4AE4-A2D6-EEEC0001357C}.Release|x64.Build.0 = Release|x64
		{A8A7F6D5-63D6-4AE4-A2D6-EEEC0001357C}.Release|x64.Deploy.0 = Release|x64
		{A8A7F6D5-63D6-4AE4-A2D6-EEEC0001357C}.Release|x86.ActiveCfg = Release|x86
		{A8A7F6D5-63D6-4AE4-A2D6-EEEC0001357C}.Release|x86.Build.0 = Release|x86
		{A8A7F6D5-63D6-4AE4-A2D6-EEEC0001357C}.Release|x86.Deploy.0 = Release|x86
		{3039AA30-3F6C-4E29-8C2B-8CB88A493C2F}.Debug|Any CPU.ActiveCfg = Debug|x86
		{3039AA30-3F6C-4E29-8C2B-8CB88A493C2F}.Debug|ARM.ActiveCfg = Debug|ARM
		{3039AA30-3F6C-4E29-8C2B-8CB88A493C2F}.Debug|ARM.Build.0 = Debug|ARM
		{3039AA30-3F6C-4E29-8C2B-8CB88A493C2F}.Debug|ARM.Deploy.0 = Debug|ARM
		{3039AA30-3F6C-4E29-8C2B-8CB88A493C2F}.Debug|x64.ActiveCfg = Debug|x64
		{3039AA30-3F6C-4E29-8C2B-8CB88A493C2F}.Debug|x64.Build.0 = Debug|x64
		{3039AA30-3F6C-4E29-8C2B-8CB88A493C2F}.Debug|x64.Deploy.0 = Debug|x64
		{3039AA30-3F6C-4E29-8C2B-8CB88A493C2F}.Debug|x86.ActiveCfg = Debug|x86
		{3039AA30-3F6C-4E29-8C2B-8CB88A493C2F}.Debug|x86.Build.0 = Debug|x86
		{3039AA30-3F6C-4E29-8C2B-8CB88A493C2F}.Debug|x86.Deploy.0 = Debug|x86
		{3039AA30-3F6C-4E29-8C2B-8CB88A493C2F}.Release|Any CPU.ActiveCfg = Release|x86
		{3039AA30-3F6C-4E29-8C2B-8CB88A493C2F}.Release|ARM.ActiveCfg = Release|ARM
		{3039AA30-3F6C-4E29-8C2B-8CB88A493C2F}.Release|ARM.Build.0 = Release|ARM
		{3039AA30-3F6C-4E29-8C2B-8CB88A493C2F}.Release|ARM.Deploy.0 = Release|ARM
		{3039AA30-3F6C-4E29-8C2B-8CB88A493C2F}.Release|x64.ActiveCfg = Release|x64
		{3039AA30-3F6C-4E29-8C2B-8CB88A493C2F}.Release|x64.Build.0 = Release|x64
		{3039AA30-3F6C-4E29-8C2B-8CB88A493C2F}.Release|x64.Deploy.0 = Release|x64
		{3039AA30-3F6C-4E29-8C2B-8CB88A493C2F}.Release|x86.ActiveCfg = Release|x86
		{3039AA30-3F6C-4E29-8C2B-8CB88A493C2F}.Release|x86.Build.0 = Release|x86
		{3039AA30-3F6C-4E29-8C2B-8CB88A493C2F}.Release|x86.Deploy.0 = Release|x86
		{AEE0252F-EE76-428D-A729-89A83F5550CD}.Debug|Any CPU.ActiveCfg = Debug|x86
		{AEE0252F-EE76-428D-A729-89A83F5550CD}.Debug|ARM.ActiveCfg = Debug|ARM
		{AEE0252F-EE76-428D-A729-89A83F5550CD}.Debug|ARM.Build.0 = Debug|ARM
		{AEE0252F-EE76-428D-A729-89A83F5550CD}.Debug|ARM.Deploy.0 = Debug|ARM
		{AEE0252F-EE76-428D-A729-89A83F5550CD}.Debug|x64.ActiveCfg = Debug|x64
		{AEE0252F-EE76-428D-A729-89A83F5550CD}.Debug|x64.Build.0 = Debug|x64
		{AEE0252F-EE76-428D-A729-89A83F5550CD}.Debug|x64.Deploy.0 = Debug|x64
		{AEE0252F-EE76-428D-A729-89A83F5550CD}.Debug|x86.ActiveCfg = Debug|x86
		{AEE0252F-EE76-428D-A729-89A83F5550CD}.Debug|x86.Build.0 = Debug|x86
		{AEE0252F-EE76-428D-A729-89A83F5550CD}.Debug|x86.Deploy.0 = Debug|x86
		{AEE0252F-EE76-428D-A729-89A83F5550CD}.Release|Any CPU.ActiveCfg = Release|x86
		{AEE0252F-EE76-428D-A729-89A83F5550CD}.Release|ARM.ActiveCfg = Release|ARM
		{AEE0252F-EE76-428D-A729-89A83F5550CD}.Release|ARM.Build.0 = Release|ARM
		{AEE0252F-EE76-428D-A729-89A83F5550CD}.Release|ARM.Deploy.0 = Release|ARM
		{AEE0252F-EE76-428D-A729-89A83F5550CD}.Release|x64.ActiveCfg = Release|x64
		{AEE0252F-EE76-428D-A729-89A83F5550CD}.Release|x64.Build.0 = Release|x64
		{AEE0252F-EE76-428D-A729-89A83F5550CD}.Release|x64.Deploy.0 = Release|x64
		{AEE0252F-EE76-428D-A729-89A83F5550CD}.Release|x86.ActiveCfg = Release|x86
		{AEE0252F-EE76-428D-A729-89A83F5550CD}.Release|x86.Build.0 = Release|x86
		{AEE0252F-EE76-428D-A729-89A83F5550CD}.Release|x86.Deploy.0 = Release|x86
		{8059A397-A9BD-434D-9171-B8C4826E7BFD}.Debug|Any CPU.ActiveCfg = Debug|x86
		{8059A397-A9BD-434D-9171-B8C4826E7BFD}.Debug|ARM.ActiveCfg = Debug|ARM
		{8059A397-A9BD-434D-9171-B8C4826E7BFD}.Debug|ARM.Build.0 = Debug|ARM
		{8059A397-A9BD-434D-9171-B8C4826E7BFD}.Debug|ARM.Deploy.0 = Debug|ARM
		{8059A397-A9BD-434D-9171-B8C4826E7BFD}.Debug|x64.ActiveCfg = Debug|x64
		{8059A397-A9BD-434D-9171-B8C4826E7BFD}.Debug|x64.Build.0 = Debug|x64
		{8059A397-A9BD-434D-9171-B8C4826E7BFD}.Debug|x64.Deploy.0 = Debug|x64
		{8059A397-A9BD-434D-9171-B8C4826E7BFD}.Debug|x86.ActiveCfg = Debug|x86
		{8059A397-A9BD-434D-9171-B8C4826E7BFD}.Debug|x86.Build.0 = Debug|x86
		{8059A397-A9BD-434D-9171-B8C4826E7BFD}.Debug|x86.Deploy.0 = Debug|x86
		{8059A397-A9BD-434D-9171-B8C4826E7BFD}.Release|Any CPU.ActiveCfg = Release|x86
		{8059A397-A9BD-434D-9171-B8C4826E7BFD}.Release|ARM.ActiveCfg = Release|ARM
		{8059A397-A9BD-434D-9171-B8C4826E7BFD}.Release|ARM.Build.0 = Release|ARM
		{8059A397-A9BD-434D-9171-B8C4826E7BFD}.Release|ARM.Deploy.0 = Release|ARM
		{8059A397-A9BD-434D-9171-B8C4826E7BFD}.Release|x64.ActiveCfg = Release|x64
		{8059A397-A9BD-434D-9171-B8C4826E7BFD}.Release|x64.Build.0 = Release|x64
		{8059A397-A9BD-434D-9171-B8C4826E7BFD}.Release|x64.Deploy.0 = Release|x64
		{8059A397-A9BD-434D-9171-B8C4826E7BFD}.Release|x86.ActiveCfg = Release|x86
		{8059A397-A9BD-434D-9171-B8C4826E7BFD}.Release|x86.Build.0 = Release|x86
		{8059A397-A9BD-434D-9171-B8C4826E7BFD}.Release|x86.Deploy.0 = Release|x86
		{029B616D-7F0E-447D-8029-D989EB729FA3}.Debug|Any CPU.ActiveCfg = Debug|x86
		{029B616D-7F0E-447D-8029-D989EB729FA3}.Debug|ARM.ActiveCfg = Debug|ARM
		{029B616D-7F0E-447D-8029-D989EB729FA3}.Debug|ARM.Build.0 = Debug|ARM
		{029B616D-7F0E-447D-8029-D989EB729FA3}.Debug|ARM.Deploy.0 = Debug|ARM
		{029B616D-7F0E-447D-8029-D989EB729FA3}.Debug|x64.ActiveCfg = Debug|x64
		{029B616D-7F0E-447D-8029-D989EB729FA3}.Debug|x64.Build.0 = Debug|x64
		{029B616D-7F0E-447D-8029-D989EB729FA3}.Debug|x64.Deploy.0 = Debug|x64
		{029B616D-7F0E-447D-8029-D989EB729FA3}.Debug|x86.ActiveCfg = Debug|x86
		{029B616D-7F0E-447D-8029-D989EB729FA3}.Debug|x86.Build.0 = Debug|x86
		{029B616D-7F0E-447D-8029-D989EB729FA3}.Debug|x86.Deploy.0 = Debug|x86
		{029B616D-7F0E-447D-8029-D989EB729FA3}.Release|Any CPU.ActiveCfg = Release|x86
		{029B616D-7F0E-447D-8029-D989EB729FA3}.Release|ARM.ActiveCfg = Release|ARM
		{029B616D-7F0E-447D-8029-D989EB729FA3}.Release|ARM.Build.0 = Release|ARM
		{029B616D-7F0E-447D-8029-D989EB729FA3}.Release|ARM.Deploy.0 = Release|ARM
		{029B616D-7F0E-447D-8029-D989EB729FA3}.Release|x64.ActiveCfg = Release|x64
		{029B616D-7F0E-447D-8029-D989EB729FA3}.Release|x64.Build.0 = Release|x64
		{029B616D-7F0E-447D-8029-D989EB729FA3}.Release|x64.Deploy.0 = Release|x64
		{029B616D-7F0E-447D-8029-D989EB729FA3}.Release|x86.ActiveCfg = Release|x86
		{029B616D-7F0E-447D-8029-D989EB729FA3}.Release|x86.Build.0 = Release|x86
		{029B616D-7F0E-447D-8029-D989EB729FA3}.Release|x86.Deploy.0 = Release|x86
		{7C875578-673E-4896-8B01-8CD9F6DF0C7D}.Debug|Any CPU.ActiveCfg = Debug|Any CPU
		{7C875578-673E-4896-8B01-8CD9F6DF0C7D}.Debug|Any CPU.Build.0 = Debug|Any CPU
		{7C875578-673E-4896-8B01-8CD9F6DF0C7D}.Debug|ARM.ActiveCfg = Debug|ARM
		{7C875578-673E-4896-8B01-8CD9F6DF0C7D}.Debug|ARM.Build.0 = Debug|ARM
		{7C875578-673E-4896-8B01-8CD9F6DF0C7D}.Debug|x64.ActiveCfg = Debug|x64
		{7C875578-673E-4896-8B01-8CD9F6DF0C7D}.Debug|x64.Build.0 = Debug|x64
		{7C875578-673E-4896-8B01-8CD9F6DF0C7D}.Debug|x86.ActiveCfg = Debug|x86
		{7C875578-673E-4896-8B01-8CD9F6DF0C7D}.Debug|x86.Build.0 = Debug|x86
		{7C875578-673E-4896-8B01-8CD9F6DF0C7D}.Release|Any CPU.ActiveCfg = Release|Any CPU
		{7C875578-673E-4896-8B01-8CD9F6DF0C7D}.Release|Any CPU.Build.0 = Release|Any CPU
		{7C875578-673E-4896-8B01-8CD9F6DF0C7D}.Release|ARM.ActiveCfg = Release|ARM
		{7C875578-673E-4896-8B01-8CD9F6DF0C7D}.Release|ARM.Build.0 = Release|ARM
		{7C875578-673E-4896-8B01-8CD9F6DF0C7D}.Release|x64.ActiveCfg = Release|x64
		{7C875578-673E-4896-8B01-8CD9F6DF0C7D}.Release|x64.Build.0 = Release|x64
		{7C875578-673E-4896-8B01-8CD9F6DF0C7D}.Release|x86.ActiveCfg = Release|x86
		{7C875578-673E-4896-8B01-8CD9F6DF0C7D}.Release|x86.Build.0 = Release|x86
		{CBA4E750-EB91-458D-B251-8F13A8A36D2F}.Debug|Any CPU.ActiveCfg = Debug|x86
		{CBA4E750-EB91-458D-B251-8F13A8A36D2F}.Debug|ARM.ActiveCfg = Debug|ARM
		{CBA4E750-EB91-458D-B251-8F13A8A36D2F}.Debug|ARM.Build.0 = Debug|ARM
		{CBA4E750-EB91-458D-B251-8F13A8A36D2F}.Debug|ARM.Deploy.0 = Debug|ARM
		{CBA4E750-EB91-458D-B251-8F13A8A36D2F}.Debug|x64.ActiveCfg = Debug|x64
		{CBA4E750-EB91-458D-B251-8F13A8A36D2F}.Debug|x64.Build.0 = Debug|x64
		{CBA4E750-EB91-458D-B251-8F13A8A36D2F}.Debug|x64.Deploy.0 = Debug|x64
		{CBA4E750-EB91-458D-B251-8F13A8A36D2F}.Debug|x86.ActiveCfg = Debug|x86
		{CBA4E750-EB91-458D-B251-8F13A8A36D2F}.Debug|x86.Build.0 = Debug|x86
		{CBA4E750-EB91-458D-B251-8F13A8A36D2F}.Debug|x86.Deploy.0 = Debug|x86
		{CBA4E750-EB91-458D-B251-8F13A8A36D2F}.Release|Any CPU.ActiveCfg = Release|x86
		{CBA4E750-EB91-458D-B251-8F13A8A36D2F}.Release|ARM.ActiveCfg = Release|ARM
		{CBA4E750-EB91-458D-B251-8F13A8A36D2F}.Release|ARM.Build.0 = Release|ARM
		{CBA4E750-EB91-458D-B251-8F13A8A36D2F}.Release|ARM.Deploy.0 = Release|ARM
		{CBA4E750-EB91-458D-B251-8F13A8A36D2F}.Release|x64.ActiveCfg = Release|x64
		{CBA4E750-EB91-458D-B251-8F13A8A36D2F}.Release|x64.Build.0 = Release|x64
		{CBA4E750-EB91-458D-B251-8F13A8A36D2F}.Release|x64.Deploy.0 = Release|x64
		{CBA4E750-EB91-458D-B251-8F13A8A36D2F}.Release|x86.ActiveCfg = Release|x86
		{CBA4E750-EB91-458D-B251-8F13A8A36D2F}.Release|x86.Build.0 = Release|x86
		{CBA4E750-EB91-458D-B251-8F13A8A36D2F}.Release|x86.Deploy.0 = Release|x86
		{AA9EC262-9612-43B0-AC8C-93F32F0484E9}.Debug|Any CPU.ActiveCfg = Debug|x86
		{AA9EC262-9612-43B0-AC8C-93F32F0484E9}.Debug|ARM.ActiveCfg = Debug|ARM
		{AA9EC262-9612-43B0-AC8C-93F32F0484E9}.Debug|ARM.Build.0 = Debug|ARM
		{AA9EC262-9612-43B0-AC8C-93F32F0484E9}.Debug|ARM.Deploy.0 = Debug|ARM
		{AA9EC262-9612-43B0-AC8C-93F32F0484E9}.Debug|x64.ActiveCfg = Debug|x64
		{AA9EC262-9612-43B0-AC8C-93F32F0484E9}.Debug|x64.Build.0 = Debug|x64
		{AA9EC262-9612-43B0-AC8C-93F32F0484E9}.Debug|x64.Deploy.0 = Debug|x64
		{AA9EC262-9612-43B0-AC8C-93F32F0484E9}.Debug|x86.ActiveCfg = Debug|x86
		{AA9EC262-9612-43B0-AC8C-93F32F0484E9}.Debug|x86.Build.0 = Debug|x86
		{AA9EC262-9612-43B0-AC8C-93F32F0484E9}.Debug|x86.Deploy.0 = Debug|x86
		{AA9EC262-9612-43B0-AC8C-93F32F0484E9}.Release|Any CPU.ActiveCfg = Release|x86
		{AA9EC262-9612-43B0-AC8C-93F32F0484E9}.Release|ARM.ActiveCfg = Release|ARM
		{AA9EC262-9612-43B0-AC8C-93F32F0484E9}.Release|ARM.Build.0 = Release|ARM
		{AA9EC262-9612-43B0-AC8C-93F32F0484E9}.Release|ARM.Deploy.0 = Release|ARM
		{AA9EC262-9612-43B0-AC8C-93F32F0484E9}.Release|x64.ActiveCfg = Release|x64
		{AA9EC262-9612-43B0-AC8C-93F32F0484E9}.Release|x64.Build.0 = Release|x64
		{AA9EC262-9612-43B0-AC8C-93F32F0484E9}.Release|x64.Deploy.0 = Release|x64
		{AA9EC262-9612-43B0-AC8C-93F32F0484E9}.Release|x86.ActiveCfg = Release|x86
		{AA9EC262-9612-43B0-AC8C-93F32F0484E9}.Release|x86.Build.0 = Release|x86
		{AA9EC262-9612-43B0-AC8C-93F32F0484E9}.Release|x86.Deploy.0 = Release|x86
		{AFB78054-E278-4D3F-951E-B6E7F189AE58}.Debug|Any CPU.ActiveCfg = Debug|x86
		{AFB78054-E278-4D3F-951E-B6E7F189AE58}.Debug|ARM.ActiveCfg = Debug|ARM
		{AFB78054-E278-4D3F-951E-B6E7F189AE58}.Debug|ARM.Build.0 = Debug|ARM
		{AFB78054-E278-4D3F-951E-B6E7F189AE58}.Debug|ARM.Deploy.0 = Debug|ARM
		{AFB78054-E278-4D3F-951E-B6E7F189AE58}.Debug|x64.ActiveCfg = Debug|x64
		{AFB78054-E278-4D3F-951E-B6E7F189AE58}.Debug|x64.Build.0 = Debug|x64
		{AFB78054-E278-4D3F-951E-B6E7F189AE58}.Debug|x64.Deploy.0 = Debug|x64
		{AFB78054-E278-4D3F-951E-B6E7F189AE58}.Debug|x86.ActiveCfg = Debug|x86
		{AFB78054-E278-4D3F-951E-B6E7F189AE58}.Debug|x86.Build.0 = Debug|x86
		{AFB78054-E278-4D3F-951E-B6E7F189AE58}.Debug|x86.Deploy.0 = Debug|x86
		{AFB78054-E278-4D3F-951E-B6E7F189AE58}.Release|Any CPU.ActiveCfg = Release|x86
		{AFB78054-E278-4D3F-951E-B6E7F189AE58}.Release|ARM.ActiveCfg = Release|ARM
		{AFB78054-E278-4D3F-951E-B6E7F189AE58}.Release|ARM.Build.0 = Release|ARM
		{AFB78054-E278-4D3F-951E-B6E7F189AE58}.Release|ARM.Deploy.0 = Release|ARM
		{AFB78054-E278-4D3F-951E-B6E7F189AE58}.Release|x64.ActiveCfg = Release|x64
		{AFB78054-E278-4D3F-951E-B6E7F189AE58}.Release|x64.Build.0 = Release|x64
		{AFB78054-E278-4D3F-951E-B6E7F189AE58}.Release|x64.Deploy.0 = Release|x64
		{AFB78054-E278-4D3F-951E-B6E7F189AE58}.Release|x86.ActiveCfg = Release|x86
		{AFB78054-E278-4D3F-951E-B6E7F189AE58}.Release|x86.Build.0 = Release|x86
		{AFB78054-E278-4D3F-951E-B6E7F189AE58}.Release|x86.Deploy.0 = Release|x86
		{55379553-3EF6-471B-BA37-2D069641BA81}.Debug|Any CPU.ActiveCfg = Debug|x86
		{55379553-3EF6-471B-BA37-2D069641BA81}.Debug|ARM.ActiveCfg = Debug|ARM
		{55379553-3EF6-471B-BA37-2D069641BA81}.Debug|ARM.Build.0 = Debug|ARM
		{55379553-3EF6-471B-BA37-2D069641BA81}.Debug|ARM.Deploy.0 = Debug|ARM
		{55379553-3EF6-471B-BA37-2D069641BA81}.Debug|x64.ActiveCfg = Debug|x64
		{55379553-3EF6-471B-BA37-2D069641BA81}.Debug|x64.Build.0 = Debug|x64
		{55379553-3EF6-471B-BA37-2D069641BA81}.Debug|x64.Deploy.0 = Debug|x64
		{55379553-3EF6-471B-BA37-2D069641BA81}.Debug|x86.ActiveCfg = Debug|x86
		{55379553-3EF6-471B-BA37-2D069641BA81}.Debug|x86.Build.0 = Debug|x86
		{55379553-3EF6-471B-BA37-2D069641BA81}.Debug|x86.Deploy.0 = Debug|x86
		{55379553-3EF6-471B-BA37-2D069641BA81}.Release|Any CPU.ActiveCfg = Release|x86
		{55379553-3EF6-471B-BA37-2D069641BA81}.Release|ARM.ActiveCfg = Release|ARM
		{55379553-3EF6-471B-BA37-2D069641BA81}.Release|ARM.Build.0 = Release|ARM
		{55379553-3EF6-471B-BA37-2D069641BA81}.Release|ARM.Deploy.0 = Release|ARM
		{55379553-3EF6-471B-BA37-2D069641BA81}.Release|x64.ActiveCfg = Release|x64
		{55379553-3EF6-471B-BA37-2D069641BA81}.Release|x64.Build.0 = Release|x64
		{55379553-3EF6-471B-BA37-2D069641BA81}.Release|x64.Deploy.0 = Release|x64
		{55379553-3EF6-471B-BA37-2D069641BA81}.Release|x86.ActiveCfg = Release|x86
		{55379553-3EF6-471B-BA37-2D069641BA81}.Release|x86.Build.0 = Release|x86
		{55379553-3EF6-471B-BA37-2D069641BA81}.Release|x86.Deploy.0 = Release|x86
		{70FDE518-1025-4D6D-AA20-13506EA13036}.Debug|Any CPU.ActiveCfg = Debug|x86
		{70FDE518-1025-4D6D-AA20-13506EA13036}.Debug|ARM.ActiveCfg = Debug|ARM
		{70FDE518-1025-4D6D-AA20-13506EA13036}.Debug|ARM.Build.0 = Debug|ARM
		{70FDE518-1025-4D6D-AA20-13506EA13036}.Debug|ARM.Deploy.0 = Debug|ARM
		{70FDE518-1025-4D6D-AA20-13506EA13036}.Debug|x64.ActiveCfg = Debug|x64
		{70FDE518-1025-4D6D-AA20-13506EA13036}.Debug|x64.Build.0 = Debug|x64
		{70FDE518-1025-4D6D-AA20-13506EA13036}.Debug|x64.Deploy.0 = Debug|x64
		{70FDE518-1025-4D6D-AA20-13506EA13036}.Debug|x86.ActiveCfg = Debug|x86
		{70FDE518-1025-4D6D-AA20-13506EA13036}.Debug|x86.Build.0 = Debug|x86
		{70FDE518-1025-4D6D-AA20-13506EA13036}.Debug|x86.Deploy.0 = Debug|x86
		{70FDE518-1025-4D6D-AA20-13506EA13036}.Release|Any CPU.ActiveCfg = Release|x86
		{70FDE518-1025-4D6D-AA20-13506EA13036}.Release|ARM.ActiveCfg = Release|ARM
		{70FDE518-1025-4D6D-AA20-13506EA13036}.Release|ARM.Build.0 = Release|ARM
		{70FDE518-1025-4D6D-AA20-13506EA13036}.Release|ARM.Deploy.0 = Release|ARM
		{70FDE518-1025-4D6D-AA20-13506EA13036}.Release|x64.ActiveCfg = Release|x64
		{70FDE518-1025-4D6D-AA20-13506EA13036}.Release|x64.Build.0 = Release|x64
		{70FDE518-1025-4D6D-AA20-13506EA13036}.Release|x64.Deploy.0 = Release|x64
		{70FDE518-1025-4D6D-AA20-13506EA13036}.Release|x86.ActiveCfg = Release|x86
		{70FDE518-1025-4D6D-AA20-13506EA13036}.Release|x86.Build.0 = Release|x86
		{70FDE518-1025-4D6D-AA20-13506EA13036}.Release|x86.Deploy.0 = Release|x86
		{595A1ED3-3329-494F-8BD2-ECE3E8D22D85}.Debug|Any CPU.ActiveCfg = Debug|x86
		{595A1ED3-3329-494F-8BD2-ECE3E8D22D85}.Debug|ARM.ActiveCfg = Debug|ARM
		{595A1ED3-3329-494F-8BD2-ECE3E8D22D85}.Debug|ARM.Build.0 = Debug|ARM
		{595A1ED3-3329-494F-8BD2-ECE3E8D22D85}.Debug|ARM.Deploy.0 = Debug|ARM
		{595A1ED3-3329-494F-8BD2-ECE3E8D22D85}.Debug|x64.ActiveCfg = Debug|x64
		{595A1ED3-3329-494F-8BD2-ECE3E8D22D85}.Debug|x64.Build.0 = Debug|x64
		{595A1ED3-3329-494F-8BD2-ECE3E8D22D85}.Debug|x64.Deploy.0 = Debug|x64
		{595A1ED3-3329-494F-8BD2-ECE3E8D22D85}.Debug|x86.ActiveCfg = Debug|x86
		{595A1ED3-3329-494F-8BD2-ECE3E8D22D85}.Debug|x86.Build.0 = Debug|x86
		{595A1ED3-3329-494F-8BD2-ECE3E8D22D85}.Debug|x86.Deploy.0 = Debug|x86
		{595A1ED3-3329-494F-8BD2-ECE3E8D22D85}.Release|Any CPU.ActiveCfg = Release|x86
		{595A1ED3-3329-494F-8BD2-ECE3E8D22D85}.Release|ARM.ActiveCfg = Release|ARM
		{595A1ED3-3329-494F-8BD2-ECE3E8D22D85}.Release|ARM.Build.0 = Release|ARM
		{595A1ED3-3329-494F-8BD2-ECE3E8D22D85}.Release|ARM.Deploy.0 = Release|ARM
		{595A1ED3-3329-494F-8BD2-ECE3E8D22D85}.Release|x64.ActiveCfg = Release|x64
		{595A1ED3-3329-494F-8BD2-ECE3E8D22D85}.Release|x64.Build.0 = Release|x64
		{595A1ED3-3329-494F-8BD2-ECE3E8D22D85}.Release|x64.Deploy.0 = Release|x64
		{595A1ED3-3329-494F-8BD2-ECE3E8D22D85}.Release|x86.ActiveCfg = Release|x86
		{595A1ED3-3329-494F-8BD2-ECE3E8D22D85}.Release|x86.Build.0 = Release|x86
		{595A1ED3-3329-494F-8BD2-ECE3E8D22D85}.Release|x86.Deploy.0 = Release|x86
		{87B925E0-2CC3-4A90-A8C6-6C9A21192D4E}.Debug|Any CPU.ActiveCfg = Debug|x86
		{87B925E0-2CC3-4A90-A8C6-6C9A21192D4E}.Debug|ARM.ActiveCfg = Debug|ARM
		{87B925E0-2CC3-4A90-A8C6-6C9A21192D4E}.Debug|ARM.Build.0 = Debug|ARM
		{87B925E0-2CC3-4A90-A8C6-6C9A21192D4E}.Debug|ARM.Deploy.0 = Debug|ARM
		{87B925E0-2CC3-4A90-A8C6-6C9A21192D4E}.Debug|x64.ActiveCfg = Debug|x64
		{87B925E0-2CC3-4A90-A8C6-6C9A21192D4E}.Debug|x64.Build.0 = Debug|x64
		{87B925E0-2CC3-4A90-A8C6-6C9A21192D4E}.Debug|x64.Deploy.0 = Debug|x64
		{87B925E0-2CC3-4A90-A8C6-6C9A21192D4E}.Debug|x86.ActiveCfg = Debug|x86
		{87B925E0-2CC3-4A90-A8C6-6C9A21192D4E}.Debug|x86.Build.0 = Debug|x86
		{87B925E0-2CC3-4A90-A8C6-6C9A21192D4E}.Debug|x86.Deploy.0 = Debug|x86
		{87B925E0-2CC3-4A90-A8C6-6C9A21192D4E}.Release|Any CPU.ActiveCfg = Release|x86
		{87B925E0-2CC3-4A90-A8C6-6C9A21192D4E}.Release|ARM.ActiveCfg = Release|ARM
		{87B925E0-2CC3-4A90-A8C6-6C9A21192D4E}.Release|ARM.Build.0 = Release|ARM
		{87B925E0-2CC3-4A90-A8C6-6C9A21192D4E}.Release|ARM.Deploy.0 = Release|ARM
		{87B925E0-2CC3-4A90-A8C6-6C9A21192D4E}.Release|x64.ActiveCfg = Release|x64
		{87B925E0-2CC3-4A90-A8C6-6C9A21192D4E}.Release|x64.Build.0 = Release|x64
		{87B925E0-2CC3-4A90-A8C6-6C9A21192D4E}.Release|x64.Deploy.0 = Release|x64
		{87B925E0-2CC3-4A90-A8C6-6C9A21192D4E}.Release|x86.ActiveCfg = Release|x86
		{87B925E0-2CC3-4A90-A8C6-6C9A21192D4E}.Release|x86.Build.0 = Release|x86
		{87B925E0-2CC3-4A90-A8C6-6C9A21192D4E}.Release|x86.Deploy.0 = Release|x86
	EndGlobalSection
	GlobalSection(SolutionProperties) = preSolution
		HideSolutionNode = FALSE
	EndGlobalSection
	GlobalSection(NestedProjects) = preSolution
		{3039AA30-3F6C-4E29-8C2B-8CB88A493C2F} = {1B82869D-06D9-4805-ACEB-AD282CF49D26}
		{AEE0252F-EE76-428D-A729-89A83F5550CD} = {55E59DD4-FD36-4797-AE7E-F5E5151583BF}
		{8059A397-A9BD-434D-9171-B8C4826E7BFD} = {1B82869D-06D9-4805-ACEB-AD282CF49D26}
		{AFB78054-E278-4D3F-951E-B6E7F189AE58} = {05FDEF7D-827E-4AB9-BA92-3F11182838CB}
		{55379553-3EF6-471B-BA37-2D069641BA81} = {E242E7FC-416C-4D66-9E49-7CBA9F6A8CA7}
		{87B925E0-2CC3-4A90-A8C6-6C9A21192D4E} = {E9DA08D1-987D-4161-9955-BCAAE01EA5B4}
	EndGlobalSection
	GlobalSection(ExtensibilityGlobals) = postSolution
		SolutionGuid = {C5E75A94-C5FA-4970-8523-9EFE49FAACB7}
	EndGlobalSection
EndGlobal
